PODS:
  - Flutter (1.0.0)
  - integration_test (0.0.1):
    - Flutter
  - vpon_plugin_poc (0.0.1):
    - Flutter

DEPENDENCIES:
  - Flutter (from `Flutter`)
  - integration_test (from `.symlinks/plugins/integration_test/ios`)
  - vpon_plugin_poc (from `.symlinks/plugins/vpon_plugin_poc/ios`)

EXTERNAL SOURCES:
  Flutter:
    :path: Flutter
  integration_test:
    :path: ".symlinks/plugins/integration_test/ios"
  vpon_plugin_poc:
    :path: ".symlinks/plugins/vpon_plugin_poc/ios"

SPEC CHECKSUMS:
  Flutter: e0871f40cf51350855a761d2e70bf5af5b9b5de7
  integration_test: 13825b8a9334a850581300559b8839134b124670
  vpon_plugin_poc: b86da424fe70cd7e30538dce7c5be5fcaacb2a03

PODFILE CHECKSUM: e7a1d75d76ed27820ab35482c2a0f72cccca668e

COCOAPODS: 1.15.0
